
Microsoft Visual Studio Solution File, Format Version 12.00
# Visual Studio 15
Project("{FAE04EC0-301F-11D3-BF4B-00C04F79EFBC}") = "Assembly-CSharp", "Assembly-CSharp.csproj", "{B8C4002F-E347-9B02-2C75-E28D2BE8E249}"
EndProject
Project("{FAE04EC0-301F-11D3-BF4B-00C04F79EFBC}") = "Assembly-CSharp-firstpass", "Assembly-CSharp-firstpass.csproj", "{2EEE6CE3-C755-7ABC-D878-7B677C3DC538}"
EndProject
Project("{FAE04EC0-301F-11D3-BF4B-00C04F79EFBC}") = "Assembly-CSharp-Editor-firstpass", "Assembly-CSharp-Editor-firstpass.csproj", "{92E488A1-31DF-5C53-80A5-993B2B37CB81}"
EndProject
Global
	GlobalSection(SolutionConfigurationPlatforms) = preSolution
		Debug|Any CPU = Debug|Any CPU
		Release|Any CPU = Release|Any CPU
	EndGlobalSection
	GlobalSection(ProjectConfigurationPlatforms) = postSolution
		{B8C4002F-E347-9B02-2C75-E28D2BE8E249}.Debug|Any CPU.ActiveCfg = Debug|Any CPU
		{B8C4002F-E347-9B02-2C75-E28D2BE8E249}.Debug|Any CPU.Build.0 = Debug|Any CPU
		{B8C4002F-E347-9B02-2C75-E28D2BE8E249}.Release|Any CPU.ActiveCfg = Release|Any CPU
		{B8C4002F-E347-9B02-2C75-E28D2BE8E249}.Release|Any CPU.Build.0 = Release|Any CPU
		{2EEE6CE3-C755-7ABC-D878-7B677C3DC538}.Debug|Any CPU.ActiveCfg = Debug|Any CPU
		{2EEE6CE3-C755-7ABC-D878-7B677C3DC538}.Debug|Any CPU.Build.0 = Debug|Any CPU
		{2EEE6CE3-C755-7ABC-D878-7B677C3DC538}.Release|Any CPU.ActiveCfg = Release|Any CPU
		{2EEE6CE3-C755-7ABC-D878-7B677C3DC538}.Release|Any CPU.Build.0 = Release|Any CPU
		{92E488A1-31DF-5C53-80A5-993B2B37CB81}.Debug|Any CPU.ActiveCfg = Debug|Any CPU
		{92E488A1-31DF-5C53-80A5-993B2B37CB81}.Debug|Any CPU.Build.0 = Debug|Any CPU
		{92E488A1-31DF-5C53-80A5-993B2B37CB81}.Release|Any CPU.ActiveCfg = Release|Any CPU
		{92E488A1-31DF-5C53-80A5-993B2B37CB81}.Release|Any CPU.Build.0 = Release|Any CPU
	EndGlobalSection
	GlobalSection(SolutionProperties) = preSolution
		HideSolutionNode = FALSE
	EndGlobalSection
EndGlobal
